# This file is automatically @generated by Cargo.
# It is not intended for manual editing.
[[package]]
name = "ascii_czech"
version = "0.1.0"
dependencies = [
 "rreplace 0.1.5 (registry+https://github.com/rust-lang/crates.io-index)",
]

[[package]]
name = "rreplace"
version = "0.1.5"
source = "registry+https://github.com/rust-lang/crates.io-index"

[metadata]
"checksum rreplace 0.1.5 (registry+https://github.com/rust-lang/crates.io-index)" = "2c865cdc60d31198521467e1472ce995eced9f268e35ad13c095036388b639ab"
